
Microsoft Visual Studio Solution File, Format Version 12.00
# Visual Studio Version 17
VisualStudioVersion = 17.7.34202.233
MinimumVisualStudioVersion = 10.0.40219.1
Project("{9A19103F-16F7-4668-BE54-9A1E7A4F7556}") = "Sudoku", "source\Sudoku\Sudoku.csproj", "{06E2B4A4-BDB9-44E9-A23A-B2CD611CF2CB}"
EndProject
Project("{9A19103F-16F7-4668-BE54-9A1E7A4F7556}") = "Sudoku.Core", "source\Sudoku.Core\Sudoku.Core.csproj", "{84A42B4B-E46A-4775-B10D-D143FC257F3D}"
EndProject
Project("{9A19103F-16F7-4668-BE54-9A1E7A4F7556}") = "Sudoku.Core.Tests", "tests\Sudoku.Core.Tests\Sudoku.Core.Tests.csproj", "{A5CDF7D9-711D-44FC-B27C-F3B604AE9D58}"
EndProject
Project("{2150E333-8FDC-42A3-9474-1A3956D46DE8}") = "Solution Items", "Solution Items", "{DD20E2C7-2C73-4059-8AC3-269F34BE689B}"
	ProjectSection(SolutionItems) = preProject
		.editorconfig = .editorconfig
	EndProjectSection
EndProject
Project("{9A19103F-16F7-4668-BE54-9A1E7A4F7556}") = "Sudoku.Console", "Sudoku.Console\Sudoku.Console.csproj", "{39A4F628-A1A7-4086-ADC3-04E08CDF9A0C}"
EndProject
Project("{9A19103F-16F7-4668-BE54-9A1E7A4F7556}") = "CombinationElimination", "CombinationElimination\CombinationElimination.csproj", "{285085FD-A5C4-4A9E-B2F9-DBC5ED887789}"
EndProject
Project("{FAE04EC0-301F-11D3-BF4B-00C04F79EFBC}") = "Sudoku.Models", "Sudoku.Models\Sudoku.Models.csproj", "{13117044-C467-4C15-A61C-1725D73D4DD6}"
EndProject
Global
	GlobalSection(SolutionConfigurationPlatforms) = preSolution
		Debug|Any CPU = Debug|Any CPU
		Release|Any CPU = Release|Any CPU
	EndGlobalSection
	GlobalSection(ProjectConfigurationPlatforms) = postSolution
		{06E2B4A4-BDB9-44E9-A23A-B2CD611CF2CB}.Debug|Any CPU.ActiveCfg = Debug|Any CPU
		{06E2B4A4-BDB9-44E9-A23A-B2CD611CF2CB}.Debug|Any CPU.Build.0 = Debug|Any CPU
		{06E2B4A4-BDB9-44E9-A23A-B2CD611CF2CB}.Release|Any CPU.ActiveCfg = Release|Any CPU
		{06E2B4A4-BDB9-44E9-A23A-B2CD611CF2CB}.Release|Any CPU.Build.0 = Release|Any CPU
		{84A42B4B-E46A-4775-B10D-D143FC257F3D}.Debug|Any CPU.ActiveCfg = Debug|Any CPU
		{84A42B4B-E46A-4775-B10D-D143FC257F3D}.Debug|Any CPU.Build.0 = Debug|Any CPU
		{84A42B4B-E46A-4775-B10D-D143FC257F3D}.Release|Any CPU.ActiveCfg = Release|Any CPU
		{84A42B4B-E46A-4775-B10D-D143FC257F3D}.Release|Any CPU.Build.0 = Release|Any CPU
		{A5CDF7D9-711D-44FC-B27C-F3B604AE9D58}.Debug|Any CPU.ActiveCfg = Debug|Any CPU
		{A5CDF7D9-711D-44FC-B27C-F3B604AE9D58}.Debug|Any CPU.Build.0 = Debug|Any CPU
		{A5CDF7D9-711D-44FC-B27C-F3B604AE9D58}.Release|Any CPU.ActiveCfg = Release|Any CPU
		{A5CDF7D9-711D-44FC-B27C-F3B604AE9D58}.Release|Any CPU.Build.0 = Release|Any CPU
		{39A4F628-A1A7-4086-ADC3-04E08CDF9A0C}.Debug|Any CPU.ActiveCfg = Debug|Any CPU
		{39A4F628-A1A7-4086-ADC3-04E08CDF9A0C}.Debug|Any CPU.Build.0 = Debug|Any CPU
		{39A4F628-A1A7-4086-ADC3-04E08CDF9A0C}.Release|Any CPU.ActiveCfg = Release|Any CPU
		{39A4F628-A1A7-4086-ADC3-04E08CDF9A0C}.Release|Any CPU.Build.0 = Release|Any CPU
		{285085FD-A5C4-4A9E-B2F9-DBC5ED887789}.Debug|Any CPU.ActiveCfg = Debug|Any CPU
		{285085FD-A5C4-4A9E-B2F9-DBC5ED887789}.Debug|Any CPU.Build.0 = Debug|Any CPU
		{285085FD-A5C4-4A9E-B2F9-DBC5ED887789}.Release|Any CPU.ActiveCfg = Release|Any CPU
		{285085FD-A5C4-4A9E-B2F9-DBC5ED887789}.Release|Any CPU.Build.0 = Release|Any CPU
		{13117044-C467-4C15-A61C-1725D73D4DD6}.Debug|Any CPU.ActiveCfg = Debug|Any CPU
		{13117044-C467-4C15-A61C-1725D73D4DD6}.Debug|Any CPU.Build.0 = Debug|Any CPU
		{13117044-C467-4C15-A61C-1725D73D4DD6}.Release|Any CPU.ActiveCfg = Release|Any CPU
		{13117044-C467-4C15-A61C-1725D73D4DD6}.Release|Any CPU.Build.0 = Release|Any CPU
	EndGlobalSection
	GlobalSection(SolutionProperties) = preSolution
		HideSolutionNode = FALSE
	EndGlobalSection
	GlobalSection(ExtensibilityGlobals) = postSolution
		SolutionGuid = {EC8AA618-AC68-4A19-8345-9607BE9C75F4}
	EndGlobalSection
EndGlobal
